Microsoft Visual Studio Solution File, Format Version 12.00
# Visual Studio Version 17
VisualStudioVersion = 17.5.2.0
MinimumVisualStudioVersion = 10.0.40219.1
Project("{FAE04EC0-301F-11D3-BF4B-00C04F79EFBC}") = "SiteAspas", "SiteAspas.csproj", "{1F55F18E-FD63-FF3A-9C47-FFBBD7184A65}"
EndProject
Global
	GlobalSection(SolutionConfigurationPlatforms) = preSolution
		Debug|Any CPU = Debug|Any CPU
		Release|Any CPU = Release|Any CPU
	EndGlobalSection
	GlobalSection(ProjectConfigurationPlatforms) = postSolution
		{1F55F18E-FD63-FF3A-9C47-FFBBD7184A65}.Debug|Any CPU.ActiveCfg = Debug|Any CPU
		{1F55F18E-FD63-FF3A-9C47-FFBBD7184A65}.Debug|Any CPU.Build.0 = Debug|Any CPU
		{1F55F18E-FD63-FF3A-9C47-FFBBD7184A65}.Release|Any CPU.ActiveCfg = Release|Any CPU
		{1F55F18E-FD63-FF3A-9C47-FFBBD7184A65}.Release|Any CPU.Build.0 = Release|Any CPU
	EndGlobalSection
	GlobalSection(SolutionProperties) = preSolution
		HideSolutionNode = FALSE
	EndGlobalSection
	GlobalSection(ExtensibilityGlobals) = postSolution
		SolutionGuid = {8E008D72-1146-462D-B6F4-2573EC0315DD}
	EndGlobalSection
EndGlobal
